
Microsoft Visual Studio Solution File, Format Version 11.00
# Visual Studio 2010
Project("{FAE04EC0-301F-11D3-BF4B-00C04F79EFBC}") = "YouGrade", "YouGrade\YouGrade.csproj", "{E155B871-0AFF-40C3-B10E-3A33D62E2B99}"
EndProject
Project("{2150E333-8FDC-42A3-9474-1A3956D46DE8}") = "___build", "___build", "{7011F8B9-6047-4528-9D25-622D4FF0E3CC}"
	ProjectSection(SolutionItems) = preProject
		..\rakefile.rb = ..\rakefile.rb
	EndProjectSection
EndProject
Project("{FAE04EC0-301F-11D3-BF4B-00C04F79EFBC}") = "YouGrade.Domain", "YouGrade.Domain\YouGrade.Domain.csproj", "{D63099EF-15B5-4863-BD09-D6AD116B2DEA}"
EndProject
Project("{FAE04EC0-301F-11D3-BF4B-00C04F79EFBC}") = "YouGrade.Domain.InMemory", "YouGrade.Domain.InMemory\YouGrade.Domain.InMemory.csproj", "{6746E241-456F-442F-B8F9-72942E552E98}"
EndProject
Global
	GlobalSection(SolutionConfigurationPlatforms) = preSolution
		Debug|Any CPU = Debug|Any CPU
		Release|Any CPU = Release|Any CPU
	EndGlobalSection
	GlobalSection(ProjectConfigurationPlatforms) = postSolution
		{E155B871-0AFF-40C3-B10E-3A33D62E2B99}.Debug|Any CPU.ActiveCfg = Debug|Any CPU
		{E155B871-0AFF-40C3-B10E-3A33D62E2B99}.Debug|Any CPU.Build.0 = Debug|Any CPU
		{E155B871-0AFF-40C3-B10E-3A33D62E2B99}.Release|Any CPU.ActiveCfg = Release|Any CPU
		{E155B871-0AFF-40C3-B10E-3A33D62E2B99}.Release|Any CPU.Build.0 = Release|Any CPU
		{D63099EF-15B5-4863-BD09-D6AD116B2DEA}.Debug|Any CPU.ActiveCfg = Debug|Any CPU
		{D63099EF-15B5-4863-BD09-D6AD116B2DEA}.Debug|Any CPU.Build.0 = Debug|Any CPU
		{D63099EF-15B5-4863-BD09-D6AD116B2DEA}.Release|Any CPU.ActiveCfg = Release|Any CPU
		{D63099EF-15B5-4863-BD09-D6AD116B2DEA}.Release|Any CPU.Build.0 = Release|Any CPU
		{6746E241-456F-442F-B8F9-72942E552E98}.Debug|Any CPU.ActiveCfg = Debug|Any CPU
		{6746E241-456F-442F-B8F9-72942E552E98}.Debug|Any CPU.Build.0 = Debug|Any CPU
		{6746E241-456F-442F-B8F9-72942E552E98}.Release|Any CPU.ActiveCfg = Release|Any CPU
		{6746E241-456F-442F-B8F9-72942E552E98}.Release|Any CPU.Build.0 = Release|Any CPU
	EndGlobalSection
	GlobalSection(SolutionProperties) = preSolution
		HideSolutionNode = FALSE
	EndGlobalSection
EndGlobal
